
Microsoft Visual Studio Solution File, Format Version 12.00
# Visual Studio 15
VisualStudioVersion = 15.0.27703.2035
MinimumVisualStudioVersion = 10.0.40219.1
Project("{FAE04EC0-301F-11D3-BF4B-00C04F79EFBC}") = "Prova-Giunchi", "Prova-Giunchi\Prova-Giunchi.csproj", "{3CFF38E6-91E5-408E-AF37-CE6FE1B9282B}"
EndProject
Global
	GlobalSection(SolutionConfigurationPlatforms) = preSolution
		Debug|Any CPU = Debug|Any CPU
		Release|Any CPU = Release|Any CPU
	EndGlobalSection
	GlobalSection(ProjectConfigurationPlatforms) = postSolution
		{3CFF38E6-91E5-408E-AF37-CE6FE1B9282B}.Debug|Any CPU.ActiveCfg = Debug|Any CPU
		{3CFF38E6-91E5-408E-AF37-CE6FE1B9282B}.Debug|Any CPU.Build.0 = Debug|Any CPU
		{3CFF38E6-91E5-408E-AF37-CE6FE1B9282B}.Release|Any CPU.ActiveCfg = Release|Any CPU
		{3CFF38E6-91E5-408E-AF37-CE6FE1B9282B}.Release|Any CPU.Build.0 = Release|Any CPU
	EndGlobalSection
	GlobalSection(SolutionProperties) = preSolution
		HideSolutionNode = FALSE
	EndGlobalSection
	GlobalSection(ExtensibilityGlobals) = postSolution
		SolutionGuid = {C1B18987-A4FA-413C-8E9B-3F506654A876}
	EndGlobalSection
EndGlobal
